
Microsoft Visual Studio Solution File, Format Version 12.00
# Visual Studio Version 16
VisualStudioVersion = 16.0.33801.447
MinimumVisualStudioVersion = 10.0.40219.1
Project("{FAE04EC0-301F-11D3-BF4B-00C04F79EFBC}") = "DisusedCOMBulkDeleterCS", "DisusedCOMBulkDeleterCS\DisusedCOMBulkDeleterCS.csproj", "{949C98D0-1477-45C4-B960-D76DFF5DA5BC}"
EndProject
Global
	GlobalSection(SolutionConfigurationPlatforms) = preSolution
		Debug|Any CPU = Debug|Any CPU
		Release|Any CPU = Release|Any CPU
	EndGlobalSection
	GlobalSection(ProjectConfigurationPlatforms) = postSolution
		{949C98D0-1477-45C4-B960-D76DFF5DA5BC}.Debug|Any CPU.ActiveCfg = Debug|Any CPU
		{949C98D0-1477-45C4-B960-D76DFF5DA5BC}.Debug|Any CPU.Build.0 = Debug|Any CPU
		{949C98D0-1477-45C4-B960-D76DFF5DA5BC}.Release|Any CPU.ActiveCfg = Release|Any CPU
		{949C98D0-1477-45C4-B960-D76DFF5DA5BC}.Release|Any CPU.Build.0 = Release|Any CPU
	EndGlobalSection
	GlobalSection(SolutionProperties) = preSolution
		HideSolutionNode = FALSE
	EndGlobalSection
	GlobalSection(ExtensibilityGlobals) = postSolution
		SolutionGuid = {201688B0-B375-4769-A789-CCBE875CBC34}
	EndGlobalSection
EndGlobal
